
Microsoft Visual Studio Solution File, Format Version 12.00
# Visual Studio Version 17
VisualStudioVersion = 17.10.35122.118
MinimumVisualStudioVersion = 10.0.40219.1
Project("{FAE04EC0-301F-11D3-BF4B-00C04F79EFBC}") = "Backend", "Backend.csproj", "{BDDD198C-0757-42C2-A538-E9342B3A6058}"
EndProject
Global
	GlobalSection(SolutionConfigurationPlatforms) = preSolution
		Debug|Any CPU = Debug|Any CPU
		Release|Any CPU = Release|Any CPU
	EndGlobalSection
	GlobalSection(ProjectConfigurationPlatforms) = postSolution
		{BDDD198C-0757-42C2-A538-E9342B3A6058}.Debug|Any CPU.ActiveCfg = Debug|Any CPU
		{BDDD198C-0757-42C2-A538-E9342B3A6058}.Debug|Any CPU.Build.0 = Debug|Any CPU
		{BDDD198C-0757-42C2-A538-E9342B3A6058}.Release|Any CPU.ActiveCfg = Release|Any CPU
		{BDDD198C-0757-42C2-A538-E9342B3A6058}.Release|Any CPU.Build.0 = Release|Any CPU
	EndGlobalSection
	GlobalSection(SolutionProperties) = preSolution
		HideSolutionNode = FALSE
	EndGlobalSection
	GlobalSection(ExtensibilityGlobals) = postSolution
		SolutionGuid = {82103EFB-0372-4759-8503-F5FC63FDB6EC}
	EndGlobalSection
EndGlobal
